
Microsoft Visual Studio Solution File, Format Version 12.00
# Visual Studio Version 17
VisualStudioVersion = 17.9.34728.123
MinimumVisualStudioVersion = 10.0.40219.1
Project("{FAE04EC0-301F-11D3-BF4B-00C04F79EFBC}") = "GlassExamination", "GlassExamination\GlassExamination.csproj", "{F573D9B4-1471-4679-A283-71DB61A0D281}"
EndProject
Global
	GlobalSection(SolutionConfigurationPlatforms) = preSolution
		Debug|Any CPU = Debug|Any CPU
		Release|Any CPU = Release|Any CPU
	EndGlobalSection
	GlobalSection(ProjectConfigurationPlatforms) = postSolution
		{F573D9B4-1471-4679-A283-71DB61A0D281}.Debug|Any CPU.ActiveCfg = Debug|Any CPU
		{F573D9B4-1471-4679-A283-71DB61A0D281}.Debug|Any CPU.Build.0 = Debug|Any CPU
		{F573D9B4-1471-4679-A283-71DB61A0D281}.Release|Any CPU.ActiveCfg = Release|Any CPU
		{F573D9B4-1471-4679-A283-71DB61A0D281}.Release|Any CPU.Build.0 = Release|Any CPU
	EndGlobalSection
	GlobalSection(SolutionProperties) = preSolution
		HideSolutionNode = FALSE
	EndGlobalSection
	GlobalSection(ExtensibilityGlobals) = postSolution
		SolutionGuid = {A8A45B6B-28AE-432A-80B6-24F1C6272F0D}
	EndGlobalSection
EndGlobal
